
Microsoft Visual Studio Solution File, Format Version 12.00
# Visual Studio 15
VisualStudioVersion = 15.0.27130.2020
MinimumVisualStudioVersion = 10.0.40219.1
Project("{8BC9CEB8-8B4A-11D0-8D11-00A0C91BC942}") = "BackJoonAlgoMain", "BackJoonAlgoMain\BackJoonAlgoMain.vcxproj", "{01A74376-BD87-4191-82EF-9B21B8EF3AA2}"
EndProject
Project("{8BC9CEB8-8B4A-11D0-8D11-00A0C91BC942}") = "1022", "1022\1022.vcxproj", "{F30AFC47-841C-4640-A505-9EEB7B2E8B4C}"
EndProject
Project("{8BC9CEB8-8B4A-11D0-8D11-00A0C91BC942}") = "3053", "3053\3053.vcxproj", "{C9EEB6B2-96E1-438A-B1CC-979867254F25}"
EndProject
Project("{8BC9CEB8-8B4A-11D0-8D11-00A0C91BC942}") = "4673", "4673\4673.vcxproj", "{3CAEC586-7097-42B0-81D3-2E993C7B0CD4}"
EndProject
Project("{8BC9CEB8-8B4A-11D0-8D11-00A0C91BC942}") = "1065", "1065\1065.vcxproj", "{4304971A-1080-4D11-B600-9C3034ABEFE7}"
EndProject
Project("{8BC9CEB8-8B4A-11D0-8D11-00A0C91BC942}") = "(x)2468", "2468\2468.vcxproj", "{CF6B778C-AB76-472E-A9CA-030A2B7ECB36}"
EndProject
Project("{8BC9CEB8-8B4A-11D0-8D11-00A0C91BC942}") = "(x)2448_별찍기", "2448_별찍기\2448_별찍기.vcxproj", "{BA36BB3E-0CCD-4BAA-AA07-E2A2A93F3268}"
EndProject
Project("{8BC9CEB8-8B4A-11D0-8D11-00A0C91BC942}") = "1152_단어의개수", "1152\1152.vcxproj", "{2D742AEE-96F1-4D06-9A90-2A8A59528E6A}"
EndProject
Project("{2150E333-8FDC-42A3-9474-1A3956D46DE8}") = "프로그래머스", "프로그래머스", "{0DFA7FAF-097B-484F-A457-BD96661F3667}"
EndProject
Project("{8BC9CEB8-8B4A-11D0-8D11-00A0C91BC942}") = "완주하지못한선수", "완주하지못한선수\완주하지못한선수.vcxproj", "{7A0F4395-3A66-4B91-A191-50E7B24421A5}"
EndProject
Project("{8BC9CEB8-8B4A-11D0-8D11-00A0C91BC942}") = "8958_OX퀴즈", "8958\8958.vcxproj", "{C883449F-FAFA-4771-A1F9-82A60D5C83A6}"
EndProject
Project("{8BC9CEB8-8B4A-11D0-8D11-00A0C91BC942}") = "2920_음계", "2920\2920.vcxproj", "{EE03E333-91E1-404E-B317-035474574572}"
EndProject
Project("{8BC9CEB8-8B4A-11D0-8D11-00A0C91BC942}") = "10039_평균점수", "10039\10039.vcxproj", "{383654F3-6D54-4A44-AF12-D3CD214B0B7F}"
EndProject
Project("{8BC9CEB8-8B4A-11D0-8D11-00A0C91BC942}") = "11654_아스키코드", "11654\11654.vcxproj", "{074579F2-4D94-4FF1-9542-969CB265D5D5}"
EndProject
Project("{8BC9CEB8-8B4A-11D0-8D11-00A0C91BC942}") = "10809_알파벳찾기", "10809\10809.vcxproj", "{DBDE8F5F-AEF9-4318-91E6-0D863121B496}"
EndProject
Project("{8BC9CEB8-8B4A-11D0-8D11-00A0C91BC942}") = "2675_문자열반복", "2675\2675.vcxproj", "{4A353D79-8505-416B-A134-2D230DCE8378}"
EndProject
Project("{8BC9CEB8-8B4A-11D0-8D11-00A0C91BC942}") = "1157_단어공부", "1157\1157.vcxproj", "{53EAA6E0-8EC6-4512-AE98-88B137DEBE61}"
EndProject
Project("{8BC9CEB8-8B4A-11D0-8D11-00A0C91BC942}") = "1316_그룹단어체크", "1316\1316.vcxproj", "{A912E59F-3E39-41AA-8C91-9984B933393F}"
EndProject
Project("{8BC9CEB8-8B4A-11D0-8D11-00A0C91BC942}") = "2908_상수", "2908\2908.vcxproj", "{2C0A29AC-390C-4BA4-A740-B90DF16A95E8}"
EndProject
Global
	GlobalSection(SolutionConfigurationPlatforms) = preSolution
		Debug|x64 = Debug|x64
		Debug|x86 = Debug|x86
		Release|x64 = Release|x64
		Release|x86 = Release|x86
	EndGlobalSection
	GlobalSection(ProjectConfigurationPlatforms) = postSolution
		{01A74376-BD87-4191-82EF-9B21B8EF3AA2}.Debug|x64.ActiveCfg = Debug|x64
		{01A74376-BD87-4191-82EF-9B21B8EF3AA2}.Debug|x64.Build.0 = Debug|x64
		{01A74376-BD87-4191-82EF-9B21B8EF3AA2}.Debug|x86.ActiveCfg = Debug|Win32
		{01A74376-BD87-4191-82EF-9B21B8EF3AA2}.Debug|x86.Build.0 = Debug|Win32
		{01A74376-BD87-4191-82EF-9B21B8EF3AA2}.Release|x64.ActiveCfg = Release|x64
		{01A74376-BD87-4191-82EF-9B21B8EF3AA2}.Release|x64.Build.0 = Release|x64
		{01A74376-BD87-4191-82EF-9B21B8EF3AA2}.Release|x86.ActiveCfg = Release|Win32
		{01A74376-BD87-4191-82EF-9B21B8EF3AA2}.Release|x86.Build.0 = Release|Win32
		{F30AFC47-841C-4640-A505-9EEB7B2E8B4C}.Debug|x64.ActiveCfg = Debug|x64
		{F30AFC47-841C-4640-A505-9EEB7B2E8B4C}.Debug|x64.Build.0 = Debug|x64
		{F30AFC47-841C-4640-A505-9EEB7B2E8B4C}.Debug|x86.ActiveCfg = Debug|Win32
		{F30AFC47-841C-4640-A505-9EEB7B2E8B4C}.Debug|x86.Build.0 = Debug|Win32
		{F30AFC47-841C-4640-A505-9EEB7B2E8B4C}.Release|x64.ActiveCfg = Release|x64
		{F30AFC47-841C-4640-A505-9EEB7B2E8B4C}.Release|x64.Build.0 = Release|x64
		{F30AFC47-841C-4640-A505-9EEB7B2E8B4C}.Release|x86.ActiveCfg = Release|Win32
		{F30AFC47-841C-4640-A505-9EEB7B2E8B4C}.Release|x86.Build.0 = Release|Win32
		{C9EEB6B2-96E1-438A-B1CC-979867254F25}.Debug|x64.ActiveCfg = Debug|x64
		{C9EEB6B2-96E1-438A-B1CC-979867254F25}.Debug|x64.Build.0 = Debug|x64
		{C9EEB6B2-96E1-438A-B1CC-979867254F25}.Debug|x86.ActiveCfg = Debug|Win32
		{C9EEB6B2-96E1-438A-B1CC-979867254F25}.Debug|x86.Build.0 = Debug|Win32
		{C9EEB6B2-96E1-438A-B1CC-979867254F25}.Release|x64.ActiveCfg = Release|x64
		{C9EEB6B2-96E1-438A-B1CC-979867254F25}.Release|x64.Build.0 = Release|x64
		{C9EEB6B2-96E1-438A-B1CC-979867254F25}.Release|x86.ActiveCfg = Release|Win32
		{C9EEB6B2-96E1-438A-B1CC-979867254F25}.Release|x86.Build.0 = Release|Win32
		{3CAEC586-7097-42B0-81D3-2E993C7B0CD4}.Debug|x64.ActiveCfg = Debug|x64
		{3CAEC586-7097-42B0-81D3-2E993C7B0CD4}.Debug|x64.Build.0 = Debug|x64
		{3CAEC586-7097-42B0-81D3-2E993C7B0CD4}.Debug|x86.ActiveCfg = Debug|Win32
		{3CAEC586-7097-42B0-81D3-2E993C7B0CD4}.Debug|x86.Build.0 = Debug|Win32
		{3CAEC586-7097-42B0-81D3-2E993C7B0CD4}.Release|x64.ActiveCfg = Release|x64
		{3CAEC586-7097-42B0-81D3-2E993C7B0CD4}.Release|x64.Build.0 = Release|x64
		{3CAEC586-7097-42B0-81D3-2E993C7B0CD4}.Release|x86.ActiveCfg = Release|Win32
		{3CAEC586-7097-42B0-81D3-2E993C7B0CD4}.Release|x86.Build.0 = Release|Win32
		{4304971A-1080-4D11-B600-9C3034ABEFE7}.Debug|x64.ActiveCfg = Debug|x64
		{4304971A-1080-4D11-B600-9C3034ABEFE7}.Debug|x64.Build.0 = Debug|x64
		{4304971A-1080-4D11-B600-9C3034ABEFE7}.Debug|x86.ActiveCfg = Debug|Win32
		{4304971A-1080-4D11-B600-9C3034ABEFE7}.Debug|x86.Build.0 = Debug|Win32
		{4304971A-1080-4D11-B600-9C3034ABEFE7}.Release|x64.ActiveCfg = Release|x64
		{4304971A-1080-4D11-B600-9C3034ABEFE7}.Release|x64.Build.0 = Release|x64
		{4304971A-1080-4D11-B600-9C3034ABEFE7}.Release|x86.ActiveCfg = Release|Win32
		{4304971A-1080-4D11-B600-9C3034ABEFE7}.Release|x86.Build.0 = Release|Win32
		{CF6B778C-AB76-472E-A9CA-030A2B7ECB36}.Debug|x64.ActiveCfg = Debug|x64
		{CF6B778C-AB76-472E-A9CA-030A2B7ECB36}.Debug|x64.Build.0 = Debug|x64
		{CF6B778C-AB76-472E-A9CA-030A2B7ECB36}.Debug|x86.ActiveCfg = Debug|Win32
		{CF6B778C-AB76-472E-A9CA-030A2B7ECB36}.Debug|x86.Build.0 = Debug|Win32
		{CF6B778C-AB76-472E-A9CA-030A2B7ECB36}.Release|x64.ActiveCfg = Release|x64
		{CF6B778C-AB76-472E-A9CA-030A2B7ECB36}.Release|x64.Build.0 = Release|x64
		{CF6B778C-AB76-472E-A9CA-030A2B7ECB36}.Release|x86.ActiveCfg = Release|Win32
		{CF6B778C-AB76-472E-A9CA-030A2B7ECB36}.Release|x86.Build.0 = Release|Win32
		{BA36BB3E-0CCD-4BAA-AA07-E2A2A93F3268}.Debug|x64.ActiveCfg = Debug|x64
		{BA36BB3E-0CCD-4BAA-AA07-E2A2A93F3268}.Debug|x64.Build.0 = Debug|x64
		{BA36BB3E-0CCD-4BAA-AA07-E2A2A93F3268}.Debug|x86.ActiveCfg = Debug|Win32
		{BA36BB3E-0CCD-4BAA-AA07-E2A2A93F3268}.Debug|x86.Build.0 = Debug|Win32
		{BA36BB3E-0CCD-4BAA-AA07-E2A2A93F3268}.Release|x64.ActiveCfg = Release|x64
		{BA36BB3E-0CCD-4BAA-AA07-E2A2A93F3268}.Release|x64.Build.0 = Release|x64
		{BA36BB3E-0CCD-4BAA-AA07-E2A2A93F3268}.Release|x86.ActiveCfg = Release|Win32
		{BA36BB3E-0CCD-4BAA-AA07-E2A2A93F3268}.Release|x86.Build.0 = Release|Win32
		{2D742AEE-96F1-4D06-9A90-2A8A59528E6A}.Debug|x64.ActiveCfg = Debug|x64
		{2D742AEE-96F1-4D06-9A90-2A8A59528E6A}.Debug|x64.Build.0 = Debug|x64
		{2D742AEE-96F1-4D06-9A90-2A8A59528E6A}.Debug|x86.ActiveCfg = Debug|Win32
		{2D742AEE-96F1-4D06-9A90-2A8A59528E6A}.Debug|x86.Build.0 = Debug|Win32
		{2D742AEE-96F1-4D06-9A90-2A8A59528E6A}.Release|x64.ActiveCfg = Release|x64
		{2D742AEE-96F1-4D06-9A90-2A8A59528E6A}.Release|x64.Build.0 = Release|x64
		{2D742AEE-96F1-4D06-9A90-2A8A59528E6A}.Release|x86.ActiveCfg = Release|Win32
		{2D742AEE-96F1-4D06-9A90-2A8A59528E6A}.Release|x86.Build.0 = Release|Win32
		{7A0F4395-3A66-4B91-A191-50E7B24421A5}.Debug|x64.ActiveCfg = Debug|x64
		{7A0F4395-3A66-4B91-A191-50E7B24421A5}.Debug|x64.Build.0 = Debug|x64
		{7A0F4395-3A66-4B91-A191-50E7B24421A5}.Debug|x86.ActiveCfg = Debug|Win32
		{7A0F4395-3A66-4B91-A191-50E7B24421A5}.Debug|x86.Build.0 = Debug|Win32
		{7A0F4395-3A66-4B91-A191-50E7B24421A5}.Release|x64.ActiveCfg = Release|x64
		{7A0F4395-3A66-4B91-A191-50E7B24421A5}.Release|x64.Build.0 = Release|x64
		{7A0F4395-3A66-4B91-A191-50E7B24421A5}.Release|x86.ActiveCfg = Release|Win32
		{7A0F4395-3A66-4B91-A191-50E7B24421A5}.Release|x86.Build.0 = Release|Win32
		{C883449F-FAFA-4771-A1F9-82A60D5C83A6}.Debug|x64.ActiveCfg = Debug|x64
		{C883449F-FAFA-4771-A1F9-82A60D5C83A6}.Debug|x64.Build.0 = Debug|x64
		{C883449F-FAFA-4771-A1F9-82A60D5C83A6}.Debug|x86.ActiveCfg = Debug|Win32
		{C883449F-FAFA-4771-A1F9-82A60D5C83A6}.Debug|x86.Build.0 = Debug|Win32
		{C883449F-FAFA-4771-A1F9-82A60D5C83A6}.Release|x64.ActiveCfg = Release|x64
		{C883449F-FAFA-4771-A1F9-82A60D5C83A6}.Release|x64.Build.0 = Release|x64
		{C883449F-FAFA-4771-A1F9-82A60D5C83A6}.Release|x86.ActiveCfg = Release|Win32
		{C883449F-FAFA-4771-A1F9-82A60D5C83A6}.Release|x86.Build.0 = Release|Win32
		{EE03E333-91E1-404E-B317-035474574572}.Debug|x64.ActiveCfg = Debug|x64
		{EE03E333-91E1-404E-B317-035474574572}.Debug|x64.Build.0 = Debug|x64
		{EE03E333-91E1-404E-B317-035474574572}.Debug|x86.ActiveCfg = Debug|Win32
		{EE03E333-91E1-404E-B317-035474574572}.Debug|x86.Build.0 = Debug|Win32
		{EE03E333-91E1-404E-B317-035474574572}.Release|x64.ActiveCfg = Release|x64
		{EE03E333-91E1-404E-B317-035474574572}.Release|x64.Build.0 = Release|x64
		{EE03E333-91E1-404E-B317-035474574572}.Release|x86.ActiveCfg = Release|Win32
		{EE03E333-91E1-404E-B317-035474574572}.Release|x86.Build.0 = Release|Win32
		{383654F3-6D54-4A44-AF12-D3CD214B0B7F}.Debug|x64.ActiveCfg = Debug|x64
		{383654F3-6D54-4A44-AF12-D3CD214B0B7F}.Debug|x64.Build.0 = Debug|x64
		{383654F3-6D54-4A44-AF12-D3CD214B0B7F}.Debug|x86.ActiveCfg = Debug|Win32
		{383654F3-6D54-4A44-AF12-D3CD214B0B7F}.Debug|x86.Build.0 = Debug|Win32
		{383654F3-6D54-4A44-AF12-D3CD214B0B7F}.Release|x64.ActiveCfg = Release|x64
		{383654F3-6D54-4A44-AF12-D3CD214B0B7F}.Release|x64.Build.0 = Release|x64
		{383654F3-6D54-4A44-AF12-D3CD214B0B7F}.Release|x86.ActiveCfg = Release|Win32
		{383654F3-6D54-4A44-AF12-D3CD214B0B7F}.Release|x86.Build.0 = Release|Win32
		{074579F2-4D94-4FF1-9542-969CB265D5D5}.Debug|x64.ActiveCfg = Debug|x64
		{074579F2-4D94-4FF1-9542-969CB265D5D5}.Debug|x64.Build.0 = Debug|x64
		{074579F2-4D94-4FF1-9542-969CB265D5D5}.Debug|x86.ActiveCfg = Debug|Win32
		{074579F2-4D94-4FF1-9542-969CB265D5D5}.Debug|x86.Build.0 = Debug|Win32
		{074579F2-4D94-4FF1-9542-969CB265D5D5}.Release|x64.ActiveCfg = Release|x64
		{074579F2-4D94-4FF1-9542-969CB265D5D5}.Release|x64.Build.0 = Release|x64
		{074579F2-4D94-4FF1-9542-969CB265D5D5}.Release|x86.ActiveCfg = Release|Win32
		{074579F2-4D94-4FF1-9542-969CB265D5D5}.Release|x86.Build.0 = Release|Win32
		{DBDE8F5F-AEF9-4318-91E6-0D863121B496}.Debug|x64.ActiveCfg = Debug|x64
		{DBDE8F5F-AEF9-4318-91E6-0D863121B496}.Debug|x64.Build.0 = Debug|x64
		{DBDE8F5F-AEF9-4318-91E6-0D863121B496}.Debug|x86.ActiveCfg = Debug|Win32
		{DBDE8F5F-AEF9-4318-91E6-0D863121B496}.Debug|x86.Build.0 = Debug|Win32
		{DBDE8F5F-AEF9-4318-91E6-0D863121B496}.Release|x64.ActiveCfg = Release|x64
		{DBDE8F5F-AEF9-4318-91E6-0D863121B496}.Release|x64.Build.0 = Release|x64
		{DBDE8F5F-AEF9-4318-91E6-0D863121B496}.Release|x86.ActiveCfg = Release|Win32
		{DBDE8F5F-AEF9-4318-91E6-0D863121B496}.Release|x86.Build.0 = Release|Win32
		{4A353D79-8505-416B-A134-2D230DCE8378}.Debug|x64.ActiveCfg = Debug|x64
		{4A353D79-8505-416B-A134-2D230DCE8378}.Debug|x64.Build.0 = Debug|x64
		{4A353D79-8505-416B-A134-2D230DCE8378}.Debug|x86.ActiveCfg = Debug|Win32
		{4A353D79-8505-416B-A134-2D230DCE8378}.Debug|x86.Build.0 = Debug|Win32
		{4A353D79-8505-416B-A134-2D230DCE8378}.Release|x64.ActiveCfg = Release|x64
		{4A353D79-8505-416B-A134-2D230DCE8378}.Release|x64.Build.0 = Release|x64
		{4A353D79-8505-416B-A134-2D230DCE8378}.Release|x86.ActiveCfg = Release|Win32
		{4A353D79-8505-416B-A134-2D230DCE8378}.Release|x86.Build.0 = Release|Win32
		{53EAA6E0-8EC6-4512-AE98-88B137DEBE61}.Debug|x64.ActiveCfg = Debug|x64
		{53EAA6E0-8EC6-4512-AE98-88B137DEBE61}.Debug|x64.Build.0 = Debug|x64
		{53EAA6E0-8EC6-4512-AE98-88B137DEBE61}.Debug|x86.ActiveCfg = Debug|Win32
		{53EAA6E0-8EC6-4512-AE98-88B137DEBE61}.Debug|x86.Build.0 = Debug|Win32
		{53EAA6E0-8EC6-4512-AE98-88B137DEBE61}.Release|x64.ActiveCfg = Release|x64
		{53EAA6E0-8EC6-4512-AE98-88B137DEBE61}.Release|x64.Build.0 = Release|x64
		{53EAA6E0-8EC6-4512-AE98-88B137DEBE61}.Release|x86.ActiveCfg = Release|Win32
		{53EAA6E0-8EC6-4512-AE98-88B137DEBE61}.Release|x86.Build.0 = Release|Win32
		{A912E59F-3E39-41AA-8C91-9984B933393F}.Debug|x64.ActiveCfg = Debug|x64
		{A912E59F-3E39-41AA-8C91-9984B933393F}.Debug|x64.Build.0 = Debug|x64
		{A912E59F-3E39-41AA-8C91-9984B933393F}.Debug|x86.ActiveCfg = Debug|Win32
		{A912E59F-3E39-41AA-8C91-9984B933393F}.Debug|x86.Build.0 = Debug|Win32
		{A912E59F-3E39-41AA-8C91-9984B933393F}.Release|x64.ActiveCfg = Release|x64
		{A912E59F-3E39-41AA-8C91-9984B933393F}.Release|x64.Build.0 = Release|x64
		{A912E59F-3E39-41AA-8C91-9984B933393F}.Release|x86.ActiveCfg = Release|Win32
		{A912E59F-3E39-41AA-8C91-9984B933393F}.Release|x86.Build.0 = Release|Win32
		{2C0A29AC-390C-4BA4-A740-B90DF16A95E8}.Debug|x64.ActiveCfg = Debug|x64
		{2C0A29AC-390C-4BA4-A740-B90DF16A95E8}.Debug|x64.Build.0 = Debug|x64
		{2C0A29AC-390C-4BA4-A740-B90DF16A95E8}.Debug|x86.ActiveCfg = Debug|Win32
		{2C0A29AC-390C-4BA4-A740-B90DF16A95E8}.Debug|x86.Build.0 = Debug|Win32
		{2C0A29AC-390C-4BA4-A740-B90DF16A95E8}.Release|x64.ActiveCfg = Release|x64
		{2C0A29AC-390C-4BA4-A740-B90DF16A95E8}.Release|x64.Build.0 = Release|x64
		{2C0A29AC-390C-4BA4-A740-B90DF16A95E8}.Release|x86.ActiveCfg = Release|Win32
		{2C0A29AC-390C-4BA4-A740-B90DF16A95E8}.Release|x86.Build.0 = Release|Win32
	EndGlobalSection
	GlobalSection(SolutionProperties) = preSolution
		HideSolutionNode = FALSE
	EndGlobalSection
	GlobalSection(NestedProjects) = preSolution
		{7A0F4395-3A66-4B91-A191-50E7B24421A5} = {0DFA7FAF-097B-484F-A457-BD96661F3667}
	EndGlobalSection
	GlobalSection(ExtensibilityGlobals) = postSolution
		SolutionGuid = {97610BBE-F62F-42B0-84A7-EF6F653A66CA}
	EndGlobalSection
EndGlobal
